// !$*UTF8*$!
{
	archiveVersion = 1;
	classes = {
	};
	objectVersion = 46;
	objects = {

/* Begin PBXBuildFile section */
		384209EA1D9B432A00617E27 /* main.cpp in Sources */ = {isa = PBXBuildFile; fileRef = 384209E91D9B432A00617E27 /* main.cpp */; };
		384209F11D9B43AA00617E27 /* OpenGL.framework in Frameworks */ = {isa = PBXBuildFile; fileRef = 384209F01D9B43AA00617E27 /* OpenGL.framework */; };
		384209F51D9B446000617E27 /* libglfw3.3.2.dylib in Frameworks */ = {isa = PBXBuildFile; fileRef = 384209F41D9B446000617E27 /* libglfw3.3.2.dylib */; };
		38420A011D9D5F0300617E27 /* libfreeimage-3.17.0.dylib in Frameworks */ = {isa = PBXBuildFile; fileRef = 38420A001D9D5F0300617E27 /* libfreeimage-3.17.0.dylib */; };
		96C8513C1D9CBA4C00419EBF /* libGLEW.2.0.0.dylib in Frameworks */ = {isa = PBXBuildFile; fileRef = 384209F21D9B444800617E27 /* libGLEW.2.0.0.dylib */; };
/* End PBXBuildFile section */

/* Begin PBXCopyFilesBuildPhase section */
		384209E41D9B432A00617E27 /* CopyFiles */ = {
			isa = PBXCopyFilesBuildPhase;
			buildActionMask = 2147483647;
			dstPath = /usr/share/man/man1/;
			dstSubfolderSpec = 0;
			files = (
			);
			runOnlyForDeploymentPostprocessing = 1;
		};
/* End PBXCopyFilesBuildPhase section */

/* Begin PBXFileReference section */
		384209E61D9B432A00617E27 /* openGL_GLFW_GLEW */ = {isa = PBXFileReference; explicitFileType = "compiled.mach-o.executable"; includeInIndex = 0; path = openGL_GLFW_GLEW; sourceTree = BUILT_PRODUCTS_DIR; };
		384209E91D9B432A00617E27 /* main.cpp */ = {isa = PBXFileReference; lastKnownFileType = sourcecode.cpp.cpp; path = main.cpp; sourceTree = "<group>"; };
		384209F01D9B43AA00617E27 /* OpenGL.framework */ = {isa = PBXFileReference; lastKnownFileType = wrapper.framework; name = OpenGL.framework; path = System/Library/Frameworks/OpenGL.framework; sourceTree = SDKROOT; };
		384209F21D9B444800617E27 /* libGLEW.2.0.0.dylib */ = {isa = PBXFileReference; lastKnownFileType = "compiled.mach-o.dylib"; name = libGLEW.2.0.0.dylib; path = ../../../../usr/local/Cellar/glew/2.0.0/lib/libGLEW.2.0.0.dylib; sourceTree = "<group>"; };
		384209F41D9B446000617E27 /* libglfw3.3.2.dylib */ = {isa = PBXFileReference; lastKnownFileType = "compiled.mach-o.dylib"; name = libglfw3.3.2.dylib; path = ../../../../usr/local/Cellar/glfw3/3.2.1/lib/libglfw3.3.2.dylib; sourceTree = "<group>"; };
		384209FA1D9D5E8F00617E27 /* libfreeimage-3.17.0.dylib */ = {isa = PBXFileReference; lastKnownFileType = "compiled.mach-o.dylib"; name = "libfreeimage-3.17.0.dylib"; path = "../FreeImage/Dist/libfreeimage-3.17.0.dylib"; sourceTree = "<group>"; };
		384209FF1D9D5F0300617E27 /* FreeImage.h */ = {isa = PBXFileReference; fileEncoding = 4; lastKnownFileType = sourcecode.c.h; path = FreeImage.h; sourceTree = "<group>"; };
		38420A001D9D5F0300617E27 /* libfreeimage-3.17.0.dylib */ = {isa = PBXFileReference; lastKnownFileType = "compiled.mach-o.dylib"; path = "libfreeimage-3.17.0.dylib"; sourceTree = "<group>"; };
		96C8513E1D9D07B900419EBF /* Shader.hpp */ = {isa = PBXFileReference; fileEncoding = 4; lastKnownFileType = sourcecode.cpp.h; path = Shader.hpp; sourceTree = "<group>"; };
		96C851411D9D0A2E00419EBF /* shader.vs */ = {isa = PBXFileReference; fileEncoding = 4; lastKnownFileType = sourcecode.glsl; path = shader.vs; sourceTree = "<group>"; };
		96C851421D9D0A5400419EBF /* shader.frag */ = {isa = PBXFileReference; fileEncoding = 4; lastKnownFileType = sourcecode.glsl; path = shader.frag; sourceTree = "<group>"; };
/* End PBXFileReference section */

/* Begin PBXFrameworksBuildPhase section */
		384209E31D9B432A00617E27 /* Frameworks */ = {
			isa = PBXFrameworksBuildPhase;
			buildActionMask = 2147483647;
			files = (
				96C8513C1D9CBA4C00419EBF /* libGLEW.2.0.0.dylib in Frameworks */,
				384209F51D9B446000617E27 /* libglfw3.3.2.dylib in Frameworks */,
				384209F11D9B43AA00617E27 /* OpenGL.framework in Frameworks */,
				38420A011D9D5F0300617E27 /* libfreeimage-3.17.0.dylib in Frameworks */,
			);
			runOnlyForDeploymentPostprocessing = 0;
		};
/* End PBXFrameworksBuildPhase section */

/* Begin PBXGroup section */
		384209DD1D9B432A00617E27 = {
			isa = PBXGroup;
			children = (
				384209FA1D9D5E8F00617E27 /* libfreeimage-3.17.0.dylib */,
				384209F41D9B446000617E27 /* libglfw3.3.2.dylib */,
				384209F21D9B444800617E27 /* libGLEW.2.0.0.dylib */,
				384209F01D9B43AA00617E27 /* OpenGL.framework */,
				384209E81D9B432A00617E27 /* openGL_GLFW_GLEW */,
				384209E71D9B432A00617E27 /* Products */,
			);
			sourceTree = "<group>";
		};
		384209E71D9B432A00617E27 /* Products */ = {
			isa = PBXGroup;
			children = (
				384209E61D9B432A00617E27 /* openGL_GLFW_GLEW */,
			);
			name = Products;
			sourceTree = "<group>";
		};
		384209E81D9B432A00617E27 /* openGL_GLFW_GLEW */ = {
			isa = PBXGroup;
			children = (
				384209FE1D9D5F0300617E27 /* FreeImage */,
				384209E91D9B432A00617E27 /* main.cpp */,
				96C8513E1D9D07B900419EBF /* Shader.hpp */,
				96C851411D9D0A2E00419EBF /* shader.vs */,
				96C851421D9D0A5400419EBF /* shader.frag */,
			);
			path = openGL_GLFW_GLEW;
			sourceTree = "<group>";
		};
		384209FE1D9D5F0300617E27 /* FreeImage */ = {
			isa = PBXGroup;
			children = (
				384209FF1D9D5F0300617E27 /* FreeImage.h */,
				38420A001D9D5F0300617E27 /* libfreeimage-3.17.0.dylib */,
			);
			path = FreeImage;
			sourceTree = "<group>";
		};
/* End PBXGroup section */

/* Begin PBXNativeTarget section */
		384209E51D9B432A00617E27 /* openGL_GLFW_GLEW */ = {
			isa = PBXNativeTarget;
			buildConfigurationList = 384209ED1D9B432A00617E27 /* Build configuration list for PBXNativeTarget "openGL_GLFW_GLEW" */;
			buildPhases = (
				384209E21D9B432A00617E27 /* Sources */,
				384209E31D9B432A00617E27 /* Frameworks */,
				384209E41D9B432A00617E27 /* CopyFiles */,
			);
			buildRules = (
			);
			dependencies = (
			);
			name = openGL_GLFW_GLEW;
			productName = openGL_GLFW_GLEW;
			productReference = 384209E61D9B432A00617E27 /* openGL_GLFW_GLEW */;
			productType = "com.apple.product-type.tool";
		};
/* End PBXNativeTarget section */

/* Begin PBXProject section */
		384209DE1D9B432A00617E27 /* Project object */ = {
			isa = PBXProject;
			attributes = {
				LastUpgradeCheck = 0730;
				ORGANIZATIONNAME = cdlizhong;
				TargetAttributes = {
					384209E51D9B432A00617E27 = {
						CreatedOnToolsVersion = 7.3.1;
					};
				};
			};
			buildConfigurationList = 384209E11D9B432A00617E27 /* Build configuration list for PBXProject "openGL_GLFW_GLEW" */;
			compatibilityVersion = "Xcode 3.2";
			developmentRegion = English;
			hasScannedForEncodings = 0;
			knownRegions = (
				en,
			);
			mainGroup = 384209DD1D9B432A00617E27;
			productRefGroup = 384209E71D9B432A00617E27 /* Products */;
			projectDirPath = "";
			projectRoot = "";
			targets = (
				384209E51D9B432A00617E27 /* openGL_GLFW_GLEW */,
			);
		};
/* End PBXProject section */

/* Begin PBXSourcesBuildPhase section */
		384209E21D9B432A00617E27 /* Sources */ = {
			isa = PBXSourcesBuildPhase;
			buildActionMask = 2147483647;
			files = (
				384209EA1D9B432A00617E27 /* main.cpp in Sources */,
			);
			runOnlyForDeploymentPostprocessing = 0;
		};
/* End PBXSourcesBuildPhase section */

/* Begin XCBuildConfiguration section */
		384209EB1D9B432A00617E27 /* Debug */ = {
			isa = XCBuildConfiguration;
			buildSettings = {
				ALWAYS_SEARCH_USER_PATHS = NO;
				CLANG_ANALYZER_NONNULL = YES;
				CLANG_CXX_LANGUAGE_STANDARD = "gnu++0x";
				CLANG_CXX_LIBRARY = "libc++";
				CLANG_ENABLE_MODULES = YES;
				CLANG_ENABLE_OBJC_ARC = YES;
				CLANG_WARN_BOOL_CONVERSION = YES;
				CLANG_WARN_CONSTANT_CONVERSION = YES;
				CLANG_WARN_DIRECT_OBJC_ISA_USAGE = YES_ERROR;
				CLANG_WARN_EMPTY_BODY = YES;
				CLANG_WARN_ENUM_CONVERSION = YES;
				CLANG_WARN_INT_CONVERSION = YES;
				CLANG_WARN_OBJC_ROOT_CLASS = YES_ERROR;
				CLANG_WARN_UNREACHABLE_CODE = YES;
				CLANG_WARN__DUPLICATE_METHOD_MATCH = YES;
				CODE_SIGN_IDENTITY = "-";
				COPY_PHASE_STRIP = NO;
				DEBUG_INFORMATION_FORMAT = dwarf;
				ENABLE_STRICT_OBJC_MSGSEND = YES;
				ENABLE_TESTABILITY = YES;
				GCC_C_LANGUAGE_STANDARD = gnu99;
				GCC_DYNAMIC_NO_PIC = NO;
				GCC_NO_COMMON_BLOCKS = YES;
				GCC_OPTIMIZATION_LEVEL = 0;
				GCC_PREPROCESSOR_DEFINITIONS = (
					"DEBUG=1",
					"$(inherited)",
				);
				GCC_WARN_64_TO_32_BIT_CONVERSION = YES;
				GCC_WARN_ABOUT_RETURN_TYPE = YES_ERROR;
				GCC_WARN_UNDECLARED_SELECTOR = YES;
				GCC_WARN_UNINITIALIZED_AUTOS = YES_AGGRESSIVE;
				GCC_WARN_UNUSED_FUNCTION = YES;
				GCC_WARN_UNUSED_VARIABLE = YES;
				MACOSX_DEPLOYMENT_TARGET = 10.11;
				MTL_ENABLE_DEBUG_INFO = YES;
				ONLY_ACTIVE_ARCH = YES;
				SDKROOT = macosx;
			};
			name = Debug;
		};
		384209EC1D9B432A00617E27 /* Release */ = {
			isa = XCBuildConfiguration;
			buildSettings = {
				ALWAYS_SEARCH_USER_PATHS = NO;
				CLANG_ANALYZER_NONNULL = YES;
				CLANG_CXX_LANGUAGE_STANDARD = "gnu++0x";
				CLANG_CXX_LIBRARY = "libc++";
				CLANG_ENABLE_MODULES = YES;
				CLANG_ENABLE_OBJC_ARC = YES;
				CLANG_WARN_BOOL_CONVERSION = YES;
				CLANG_WARN_CONSTANT_CONVERSION = YES;
				CLANG_WARN_DIRECT_OBJC_ISA_USAGE = YES_ERROR;
				CLANG_WARN_EMPTY_BODY = YES;
				CLANG_WARN_ENUM_CONVERSION = YES;
				CLANG_WARN_INT_CONVERSION = YES;
				CLANG_WARN_OBJC_ROOT_CLASS = YES_ERROR;
				CLANG_WARN_UNREACHABLE_CODE = YES;
				CLANG_WARN__DUPLICATE_METHOD_MATCH = YES;
				CODE_SIGN_IDENTITY = "-";
				COPY_PHASE_STRIP = NO;
				DEBUG_INFORMATION_FORMAT = "dwarf-with-dsym";
				ENABLE_NS_ASSERTIONS = NO;
				ENABLE_STRICT_OBJC_MSGSEND = YES;
				GCC_C_LANGUAGE_STANDARD = gnu99;
				GCC_NO_COMMON_BLOCKS = YES;
				GCC_WARN_64_TO_32_BIT_CONVERSION = YES;
				GCC_WARN_ABOUT_RETURN_TYPE = YES_ERROR;
				GCC_WARN_UNDECLARED_SELECTOR = YES;
				GCC_WARN_UNINITIALIZED_AUTOS = YES_AGGRESSIVE;
				GCC_WARN_UNUSED_FUNCTION = YES;
				GCC_WARN_UNUSED_VARIABLE = YES;
				MACOSX_DEPLOYMENT_TARGET = 10.11;
				MTL_ENABLE_DEBUG_INFO = NO;
				SDKROOT = macosx;
			};
			name = Release;
		};
		384209EE1D9B432A00617E27 /* Debug */ = {
			isa = XCBuildConfiguration;
			buildSettings = {
				HEADER_SEARCH_PATHS = /usr/local/include;
				LIBRARY_SEARCH_PATHS = (
					"$(inherited)",
					/usr/local/Cellar/glew/2.0.0/lib,
					/usr/local/Cellar/glfw3/3.2.1/lib,
					"$(PROJECT_DIR)/openGL_GLFW_GLEW/FreeImage",
				);
				PRODUCT_NAME = "$(TARGET_NAME)";
			};
			name = Debug;
		};
		384209EF1D9B432A00617E27 /* Release */ = {
			isa = XCBuildConfiguration;
			buildSettings = {
				HEADER_SEARCH_PATHS = /usr/local/include;
				LIBRARY_SEARCH_PATHS = (
					"$(inherited)",
					/usr/local/Cellar/glew/2.0.0/lib,
					/usr/local/Cellar/glfw3/3.2.1/lib,
					"$(PROJECT_DIR)/openGL_GLFW_GLEW/FreeImage",
				);
				PRODUCT_NAME = "$(TARGET_NAME)";
			};
			name = Release;
		};
/* End XCBuildConfiguration section */

/* Begin XCConfigurationList section */
		384209E11D9B432A00617E27 /* Build configuration list for PBXProject "openGL_GLFW_GLEW" */ = {
			isa = XCConfigurationList;
			buildConfigurations = (
				384209EB1D9B432A00617E27 /* Debug */,
				384209EC1D9B432A00617E27 /* Release */,
			);
			defaultConfigurationIsVisible = 0;
			defaultConfigurationName = Release;
		};
		384209ED1D9B432A00617E27 /* Build configuration list for PBXNativeTarget "openGL_GLFW_GLEW" */ = {
			isa = XCConfigurationList;
			buildConfigurations = (
				384209EE1D9B432A00617E27 /* Debug */,
				384209EF1D9B432A00617E27 /* Release */,
			);
			defaultConfigurationIsVisible = 0;
			defaultConfigurationName = Release;
		};
/* End XCConfigurationList section */
	};
	rootObject = 384209DE1D9B432A00617E27 /* Project object */;
}
